// !$*UTF8*$!
{
	archiveVersion = 1;
	classes = {
	};
	objectVersion = 50;
	objects = {

/* Begin PBXBuildFile section */
		4CA0198120A3E72E00642221 /* AppDelegate.m in Sources */ = {isa = PBXBuildFile; fileRef = 4CA0198020A3E72E00642221 /* AppDelegate.m */; };
		4CA0198920A3E72F00642221 /* Assets.xcassets in Resources */ = {isa = PBXBuildFile; fileRef = 4CA0198820A3E72F00642221 /* Assets.xcassets */; };
		4CA0198C20A3E72F00642221 /* LaunchScreen.storyboard in Resources */ = {isa = PBXBuildFile; fileRef = 4CA0198A20A3E72F00642221 /* LaunchScreen.storyboard */; };
		4CA0198F20A3E72F00642221 /* main.m in Sources */ = {isa = PBXBuildFile; fileRef = 4CA0198E20A3E72F00642221 /* main.m */; };
		4CA019EF20A4395800642221 /* MPBaseService.m in Sources */ = {isa = PBXBuildFile; fileRef = 4CA019EE20A4395800642221 /* MPBaseService.m */; };
		4CA019F320A43D1700642221 /* MPHelpService.m in Sources */ = {isa = PBXBuildFile; fileRef = 4CA019F220A43D1700642221 /* MPHelpService.m */; };
		4CA019F520A4404400642221 /* CFNetwork.framework in Frameworks */ = {isa = PBXBuildFile; fileRef = 4CA019F420A4404400642221 /* CFNetwork.framework */; };
		4CA019F720A4405000642221 /* MobileCoreServices.framework in Frameworks */ = {isa = PBXBuildFile; fileRef = 4CA019F620A4405000642221 /* MobileCoreServices.framework */; };
		4CA019F920A4405E00642221 /* UIKit.framework in Frameworks */ = {isa = PBXBuildFile; fileRef = 4CA019F820A4405D00642221 /* UIKit.framework */; };
		4CA019FB20A4406700642221 /* Foundation.framework in Frameworks */ = {isa = PBXBuildFile; fileRef = 4CA019FA20A4406700642221 /* Foundation.framework */; };
		4CA019FD20A4409300642221 /* libz.tbd in Frameworks */ = {isa = PBXBuildFile; fileRef = 4CA019FC20A4409200642221 /* libz.tbd */; };
		4CA019FF20A440DE00642221 /* AVFoundation.framework in Frameworks */ = {isa = PBXBuildFile; fileRef = 4CA019FE20A440DE00642221 /* AVFoundation.framework */; };
		4CA01A0120A44C5A00642221 /* libc++.tbd in Frameworks */ = {isa = PBXBuildFile; fileRef = 4CA01A0020A44C5A00642221 /* libc++.tbd */; };
		4CA01A0520A44C7500642221 /* CoreGraphics.framework in Frameworks */ = {isa = PBXBuildFile; fileRef = 4CA01A0420A44C7500642221 /* CoreGraphics.framework */; };
		4CA01A0720A44C8100642221 /* SystemConfiguration.framework in Frameworks */ = {isa = PBXBuildFile; fileRef = 4CA01A0620A44C8100642221 /* SystemConfiguration.framework */; };
		4CA01A0820A4507B00642221 /* Security.framework in Frameworks */ = {isa = PBXBuildFile; fileRef = 4CA01A0220A44C6900642221 /* Security.framework */; };
		4CA01A1220A4588500642221 /* MPStartViewController.m in Sources */ = {isa = PBXBuildFile; fileRef = 4CA01A1020A4588500642221 /* MPStartViewController.m */; };
		4CA01A1320A4588500642221 /* MPStartViewController.xib in Resources */ = {isa = PBXBuildFile; fileRef = 4CA01A1120A4588500642221 /* MPStartViewController.xib */; };
		4CA01A6320A45A9B00642221 /* CNRequest.m in Sources */ = {isa = PBXBuildFile; fileRef = 4CA01A5020A45A9B00642221 /* CNRequest.m */; };
		4CA01A6420A45A9B00642221 /* CNBatchRequest.m in Sources */ = {isa = PBXBuildFile; fileRef = 4CA01A5320A45A9B00642221 /* CNBatchRequest.m */; };
		4CA01A6520A45A9B00642221 /* CNNetworkAgent.m in Sources */ = {isa = PBXBuildFile; fileRef = 4CA01A5420A45A9B00642221 /* CNNetworkAgent.m */; };
		4CA01A6620A45A9B00642221 /* CNChainRequestAgent.m in Sources */ = {isa = PBXBuildFile; fileRef = 4CA01A5520A45A9B00642221 /* CNChainRequestAgent.m */; };
		4CA01A6720A45A9B00642221 /* CNBaseRequest.m in Sources */ = {isa = PBXBuildFile; fileRef = 4CA01A5720A45A9B00642221 /* CNBaseRequest.m */; };
		4CA01A6820A45A9B00642221 /* CNBatchRequestAgent.m in Sources */ = {isa = PBXBuildFile; fileRef = 4CA01A5820A45A9B00642221 /* CNBatchRequestAgent.m */; };
		4CA01A6920A45A9B00642221 /* CNChainRequest.m in Sources */ = {isa = PBXBuildFile; fileRef = 4CA01A5A20A45A9B00642221 /* CNChainRequest.m */; };
		4CA01A6A20A45A9B00642221 /* CNNetworkPrivate.m in Sources */ = {isa = PBXBuildFile; fileRef = 4CA01A5E20A45A9B00642221 /* CNNetworkPrivate.m */; };
		4CA01A6B20A45A9B00642221 /* CNNetworkConfig.m in Sources */ = {isa = PBXBuildFile; fileRef = 4CA01A6120A45A9B00642221 /* CNNetworkConfig.m */; };
		8CCD58E3E4B0212541EFD323 /* libPods-CreateComponentDemo.a in Frameworks */ = {isa = PBXBuildFile; fileRef = 80AE5F750D925EE0F27CFF18 /* libPods-CreateComponentDemo.a */; };
/* End PBXBuildFile section */

/* Begin PBXFileReference section */
		16A8A1B0DFFB42BBD66A7E87 /* Pods-CreateComponentDemo.release.xcconfig */ = {isa = PBXFileReference; includeInIndex = 1; lastKnownFileType = text.xcconfig; name = "Pods-CreateComponentDemo.release.xcconfig"; path = "Pods/Target Support Files/Pods-CreateComponentDemo/Pods-CreateComponentDemo.release.xcconfig"; sourceTree = "<group>"; };
		4CA0197C20A3E72E00642221 /* CreateComponentDemo.app */ = {isa = PBXFileReference; explicitFileType = wrapper.application; includeInIndex = 0; path = CreateComponentDemo.app; sourceTree = BUILT_PRODUCTS_DIR; };
		4CA0197F20A3E72E00642221 /* AppDelegate.h */ = {isa = PBXFileReference; lastKnownFileType = sourcecode.c.h; path = AppDelegate.h; sourceTree = "<group>"; };
		4CA0198020A3E72E00642221 /* AppDelegate.m */ = {isa = PBXFileReference; lastKnownFileType = sourcecode.c.objc; path = AppDelegate.m; sourceTree = "<group>"; };
		4CA0198820A3E72F00642221 /* Assets.xcassets */ = {isa = PBXFileReference; lastKnownFileType = folder.assetcatalog; path = Assets.xcassets; sourceTree = "<group>"; };
		4CA0198B20A3E72F00642221 /* Base */ = {isa = PBXFileReference; lastKnownFileType = file.storyboard; name = Base; path = Base.lproj/LaunchScreen.storyboard; sourceTree = "<group>"; };
		4CA0198D20A3E72F00642221 /* Info.plist */ = {isa = PBXFileReference; lastKnownFileType = text.plist.xml; path = Info.plist; sourceTree = "<group>"; };
		4CA0198E20A3E72F00642221 /* main.m */ = {isa = PBXFileReference; lastKnownFileType = sourcecode.c.objc; path = main.m; sourceTree = "<group>"; };
		4CA019ED20A4395800642221 /* MPBaseService.h */ = {isa = PBXFileReference; lastKnownFileType = sourcecode.c.h; path = MPBaseService.h; sourceTree = "<group>"; };
		4CA019EE20A4395800642221 /* MPBaseService.m */ = {isa = PBXFileReference; lastKnownFileType = sourcecode.c.objc; path = MPBaseService.m; sourceTree = "<group>"; };
		4CA019F120A43D1700642221 /* MPHelpService.h */ = {isa = PBXFileReference; lastKnownFileType = sourcecode.c.h; path = MPHelpService.h; sourceTree = "<group>"; };
		4CA019F220A43D1700642221 /* MPHelpService.m */ = {isa = PBXFileReference; lastKnownFileType = sourcecode.c.objc; path = MPHelpService.m; sourceTree = "<group>"; };
		4CA019F420A4404400642221 /* CFNetwork.framework */ = {isa = PBXFileReference; lastKnownFileType = wrapper.framework; name = CFNetwork.framework; path = System/Library/Frameworks/CFNetwork.framework; sourceTree = SDKROOT; };
		4CA019F620A4405000642221 /* MobileCoreServices.framework */ = {isa = PBXFileReference; lastKnownFileType = wrapper.framework; name = MobileCoreServices.framework; path = System/Library/Frameworks/MobileCoreServices.framework; sourceTree = SDKROOT; };
		4CA019F820A4405D00642221 /* UIKit.framework */ = {isa = PBXFileReference; lastKnownFileType = wrapper.framework; name = UIKit.framework; path = System/Library/Frameworks/UIKit.framework; sourceTree = SDKROOT; };
		4CA019FA20A4406700642221 /* Foundation.framework */ = {isa = PBXFileReference; lastKnownFileType = wrapper.framework; name = Foundation.framework; path = System/Library/Frameworks/Foundation.framework; sourceTree = SDKROOT; };
		4CA019FC20A4409200642221 /* libz.tbd */ = {isa = PBXFileReference; lastKnownFileType = "sourcecode.text-based-dylib-definition"; name = libz.tbd; path = usr/lib/libz.tbd; sourceTree = SDKROOT; };
		4CA019FE20A440DE00642221 /* AVFoundation.framework */ = {isa = PBXFileReference; lastKnownFileType = wrapper.framework; name = AVFoundation.framework; path = System/Library/Frameworks/AVFoundation.framework; sourceTree = SDKROOT; };
		4CA01A0020A44C5A00642221 /* libc++.tbd */ = {isa = PBXFileReference; lastKnownFileType = "sourcecode.text-based-dylib-definition"; name = "libc++.tbd"; path = "usr/lib/libc++.tbd"; sourceTree = SDKROOT; };
		4CA01A0220A44C6900642221 /* Security.framework */ = {isa = PBXFileReference; lastKnownFileType = wrapper.framework; name = Security.framework; path = System/Library/Frameworks/Security.framework; sourceTree = SDKROOT; };
		4CA01A0420A44C7500642221 /* CoreGraphics.framework */ = {isa = PBXFileReference; lastKnownFileType = wrapper.framework; name = CoreGraphics.framework; path = System/Library/Frameworks/CoreGraphics.framework; sourceTree = SDKROOT; };
		4CA01A0620A44C8100642221 /* SystemConfiguration.framework */ = {isa = PBXFileReference; lastKnownFileType = wrapper.framework; name = SystemConfiguration.framework; path = System/Library/Frameworks/SystemConfiguration.framework; sourceTree = SDKROOT; };
		4CA01A0F20A4588500642221 /* MPStartViewController.h */ = {isa = PBXFileReference; lastKnownFileType = sourcecode.c.h; path = MPStartViewController.h; sourceTree = "<group>"; };
		4CA01A1020A4588500642221 /* MPStartViewController.m */ = {isa = PBXFileReference; lastKnownFileType = sourcecode.c.objc; path = MPStartViewController.m; sourceTree = "<group>"; };
		4CA01A1120A4588500642221 /* MPStartViewController.xib */ = {isa = PBXFileReference; lastKnownFileType = file.xib; path = MPStartViewController.xib; sourceTree = "<group>"; };
		4CA01A5020A45A9B00642221 /* CNRequest.m */ = {isa = PBXFileReference; fileEncoding = 4; lastKnownFileType = sourcecode.c.objc; path = CNRequest.m; sourceTree = "<group>"; };
		4CA01A5120A45A9B00642221 /* CNChainRequest.h */ = {isa = PBXFileReference; fileEncoding = 4; lastKnownFileType = sourcecode.c.h; path = CNChainRequest.h; sourceTree = "<group>"; };
		4CA01A5220A45A9B00642221 /* CNNetworkPrivate.h */ = {isa = PBXFileReference; fileEncoding = 4; lastKnownFileType = sourcecode.c.h; path = CNNetworkPrivate.h; sourceTree = "<group>"; };
		4CA01A5320A45A9B00642221 /* CNBatchRequest.m */ = {isa = PBXFileReference; fileEncoding = 4; lastKnownFileType = sourcecode.c.objc; path = CNBatchRequest.m; sourceTree = "<group>"; };
		4CA01A5420A45A9B00642221 /* CNNetworkAgent.m */ = {isa = PBXFileReference; fileEncoding = 4; lastKnownFileType = sourcecode.c.objc; path = CNNetworkAgent.m; sourceTree = "<group>"; };
		4CA01A5520A45A9B00642221 /* CNChainRequestAgent.m */ = {isa = PBXFileReference; fileEncoding = 4; lastKnownFileType = sourcecode.c.objc; path = CNChainRequestAgent.m; sourceTree = "<group>"; };
		4CA01A5620A45A9B00642221 /* CNNetworkConfig.h */ = {isa = PBXFileReference; fileEncoding = 4; lastKnownFileType = sourcecode.c.h; path = CNNetworkConfig.h; sourceTree = "<group>"; };
		4CA01A5720A45A9B00642221 /* CNBaseRequest.m */ = {isa = PBXFileReference; fileEncoding = 4; lastKnownFileType = sourcecode.c.objc; path = CNBaseRequest.m; sourceTree = "<group>"; };
		4CA01A5820A45A9B00642221 /* CNBatchRequestAgent.m */ = {isa = PBXFileReference; fileEncoding = 4; lastKnownFileType = sourcecode.c.objc; path = CNBatchRequestAgent.m; sourceTree = "<group>"; };
		4CA01A5920A45A9B00642221 /* CNRequest.h */ = {isa = PBXFileReference; fileEncoding = 4; lastKnownFileType = sourcecode.c.h; path = CNRequest.h; sourceTree = "<group>"; };
		4CA01A5A20A45A9B00642221 /* CNChainRequest.m */ = {isa = PBXFileReference; fileEncoding = 4; lastKnownFileType = sourcecode.c.objc; path = CNChainRequest.m; sourceTree = "<group>"; };
		4CA01A5B20A45A9B00642221 /* CNNetwork.h */ = {isa = PBXFileReference; fileEncoding = 4; lastKnownFileType = sourcecode.c.h; path = CNNetwork.h; sourceTree = "<group>"; };
		4CA01A5C20A45A9B00642221 /* CNBatchRequest.h */ = {isa = PBXFileReference; fileEncoding = 4; lastKnownFileType = sourcecode.c.h; path = CNBatchRequest.h; sourceTree = "<group>"; };
		4CA01A5D20A45A9B00642221 /* CNNetworkAgent.h */ = {isa = PBXFileReference; fileEncoding = 4; lastKnownFileType = sourcecode.c.h; path = CNNetworkAgent.h; sourceTree = "<group>"; };
		4CA01A5E20A45A9B00642221 /* CNNetworkPrivate.m */ = {isa = PBXFileReference; fileEncoding = 4; lastKnownFileType = sourcecode.c.objc; path = CNNetworkPrivate.m; sourceTree = "<group>"; };
		4CA01A5F20A45A9B00642221 /* CNBatchRequestAgent.h */ = {isa = PBXFileReference; fileEncoding = 4; lastKnownFileType = sourcecode.c.h; path = CNBatchRequestAgent.h; sourceTree = "<group>"; };
		4CA01A6020A45A9B00642221 /* CNBaseRequest.h */ = {isa = PBXFileReference; fileEncoding = 4; lastKnownFileType = sourcecode.c.h; path = CNBaseRequest.h; sourceTree = "<group>"; };
		4CA01A6120A45A9B00642221 /* CNNetworkConfig.m */ = {isa = PBXFileReference; fileEncoding = 4; lastKnownFileType = sourcecode.c.objc; path = CNNetworkConfig.m; sourceTree = "<group>"; };
		4CA01A6220A45A9B00642221 /* CNChainRequestAgent.h */ = {isa = PBXFileReference; fileEncoding = 4; lastKnownFileType = sourcecode.c.h; path = CNChainRequestAgent.h; sourceTree = "<group>"; };
		80AE5F750D925EE0F27CFF18 /* libPods-CreateComponentDemo.a */ = {isa = PBXFileReference; explicitFileType = archive.ar; includeInIndex = 0; path = "libPods-CreateComponentDemo.a"; sourceTree = BUILT_PRODUCTS_DIR; };
		89543BE09B0D889B87A578AA /* Pods-CreateComponentDemo.debug.xcconfig */ = {isa = PBXFileReference; includeInIndex = 1; lastKnownFileType = text.xcconfig; name = "Pods-CreateComponentDemo.debug.xcconfig"; path = "Pods/Target Support Files/Pods-CreateComponentDemo/Pods-CreateComponentDemo.debug.xcconfig"; sourceTree = "<group>"; };
/* End PBXFileReference section */

/* Begin PBXFrameworksBuildPhase section */
		4CA0197920A3E72E00642221 /* Frameworks */ = {
			isa = PBXFrameworksBuildPhase;
			buildActionMask = 2147483647;
			files = (
				4CA01A0820A4507B00642221 /* Security.framework in Frameworks */,
				4CA01A0720A44C8100642221 /* SystemConfiguration.framework in Frameworks */,
				4CA01A0520A44C7500642221 /* CoreGraphics.framework in Frameworks */,
				4CA01A0120A44C5A00642221 /* libc++.tbd in Frameworks */,
				4CA019FF20A440DE00642221 /* AVFoundation.framework in Frameworks */,
				4CA019FD20A4409300642221 /* libz.tbd in Frameworks */,
				4CA019FB20A4406700642221 /* Foundation.framework in Frameworks */,
				4CA019F920A4405E00642221 /* UIKit.framework in Frameworks */,
				4CA019F720A4405000642221 /* MobileCoreServices.framework in Frameworks */,
				4CA019F520A4404400642221 /* CFNetwork.framework in Frameworks */,
				8CCD58E3E4B0212541EFD323 /* libPods-CreateComponentDemo.a in Frameworks */,
			);
			runOnlyForDeploymentPostprocessing = 0;
		};
/* End PBXFrameworksBuildPhase section */

/* Begin PBXGroup section */
		46FA8A35C950C52290099C84 /* Pods */ = {
			isa = PBXGroup;
			children = (
				89543BE09B0D889B87A578AA /* Pods-CreateComponentDemo.debug.xcconfig */,
				16A8A1B0DFFB42BBD66A7E87 /* Pods-CreateComponentDemo.release.xcconfig */,
			);
			name = Pods;
			sourceTree = "<group>";
		};
		4CA0197320A3E72E00642221 = {
			isa = PBXGroup;
			children = (
				4CA0197E20A3E72E00642221 /* CreateComponentDemo */,
				4CA0197D20A3E72E00642221 /* Products */,
				46FA8A35C950C52290099C84 /* Pods */,
				AE4E5E3AFB8755A8C21233BE /* Frameworks */,
			);
			sourceTree = "<group>";
		};
		4CA0197D20A3E72E00642221 /* Products */ = {
			isa = PBXGroup;
			children = (
				4CA0197C20A3E72E00642221 /* CreateComponentDemo.app */,
			);
			name = Products;
			sourceTree = "<group>";
		};
		4CA0197E20A3E72E00642221 /* CreateComponentDemo */ = {
			isa = PBXGroup;
			children = (
				4CA01A0920A456A100642221 /* AppDelegate */,
				4CA01A0A20A456E900642221 /* General */,
				4CA01A0B20A4573300642221 /* ExpandView */,
				4CA01A0C20A4578D00642221 /* Vendors */,
				4CA019F020A43CE000642221 /* TestFolder */,
				4CA019EC20A4390600642221 /* BaseServices */,
				4CA01A6C20A45AAF00642221 /* Resources */,
				4CA0198A20A3E72F00642221 /* LaunchScreen.storyboard */,
				4CA0198D20A3E72F00642221 /* Info.plist */,
				4CA0198E20A3E72F00642221 /* main.m */,
			);
			path = CreateComponentDemo;
			sourceTree = "<group>";
		};
		4CA019EC20A4390600642221 /* BaseServices */ = {
			isa = PBXGroup;
			children = (
				4CA019ED20A4395800642221 /* MPBaseService.h */,
				4CA019EE20A4395800642221 /* MPBaseService.m */,
			);
			path = BaseServices;
			sourceTree = "<group>";
		};
		4CA019F020A43CE000642221 /* TestFolder */ = {
			isa = PBXGroup;
			children = (
				4CA019F120A43D1700642221 /* MPHelpService.h */,
				4CA019F220A43D1700642221 /* MPHelpService.m */,
			);
			path = TestFolder;
			sourceTree = "<group>";
		};
		4CA01A0920A456A100642221 /* AppDelegate */ = {
			isa = PBXGroup;
			children = (
				4CA0197F20A3E72E00642221 /* AppDelegate.h */,
				4CA0198020A3E72E00642221 /* AppDelegate.m */,
			);
			path = AppDelegate;
			sourceTree = "<group>";
		};
		4CA01A0A20A456E900642221 /* General */ = {
			isa = PBXGroup;
			children = (
				4CA01A0D20A4581D00642221 /* StartUp */,
			);
			path = General;
			sourceTree = "<group>";
		};
		4CA01A0B20A4573300642221 /* ExpandView */ = {
			isa = PBXGroup;
			children = (
			);
			path = ExpandView;
			sourceTree = "<group>";
		};
		4CA01A0C20A4578D00642221 /* Vendors */ = {
			isa = PBXGroup;
			children = (
				4CA01A4F20A45A9B00642221 /* CNNetwork */,
			);
			path = Vendors;
			sourceTree = "<group>";
		};
		4CA01A0D20A4581D00642221 /* StartUp */ = {
			isa = PBXGroup;
			children = (
				4CA01A0E20A4583100642221 /* ViewController */,
			);
			path = StartUp;
			sourceTree = "<group>";
		};
		4CA01A0E20A4583100642221 /* ViewController */ = {
			isa = PBXGroup;
			children = (
				4CA01A0F20A4588500642221 /* MPStartViewController.h */,
				4CA01A1020A4588500642221 /* MPStartViewController.m */,
				4CA01A1120A4588500642221 /* MPStartViewController.xib */,
			);
			path = ViewController;
			sourceTree = "<group>";
		};
		4CA01A4F20A45A9B00642221 /* CNNetwork */ = {
			isa = PBXGroup;
			children = (
				4CA01A5020A45A9B00642221 /* CNRequest.m */,
				4CA01A5120A45A9B00642221 /* CNChainRequest.h */,
				4CA01A5220A45A9B00642221 /* CNNetworkPrivate.h */,
				4CA01A5320A45A9B00642221 /* CNBatchRequest.m */,
				4CA01A5420A45A9B00642221 /* CNNetworkAgent.m */,
				4CA01A5520A45A9B00642221 /* CNChainRequestAgent.m */,
				4CA01A5620A45A9B00642221 /* CNNetworkConfig.h */,
				4CA01A5720A45A9B00642221 /* CNBaseRequest.m */,
				4CA01A5820A45A9B00642221 /* CNBatchRequestAgent.m */,
				4CA01A5920A45A9B00642221 /* CNRequest.h */,
				4CA01A5A20A45A9B00642221 /* CNChainRequest.m */,
				4CA01A5B20A45A9B00642221 /* CNNetwork.h */,
				4CA01A5C20A45A9B00642221 /* CNBatchRequest.h */,
				4CA01A5D20A45A9B00642221 /* CNNetworkAgent.h */,
				4CA01A5E20A45A9B00642221 /* CNNetworkPrivate.m */,
				4CA01A5F20A45A9B00642221 /* CNBatchRequestAgent.h */,
				4CA01A6020A45A9B00642221 /* CNBaseRequest.h */,
				4CA01A6120A45A9B00642221 /* CNNetworkConfig.m */,
				4CA01A6220A45A9B00642221 /* CNChainRequestAgent.h */,
			);
			path = CNNetwork;
			sourceTree = "<group>";
		};
		4CA01A6C20A45AAF00642221 /* Resources */ = {
			isa = PBXGroup;
			children = (
				4CA0198820A3E72F00642221 /* Assets.xcassets */,
			);
			path = Resources;
			sourceTree = "<group>";
		};
		AE4E5E3AFB8755A8C21233BE /* Frameworks */ = {
			isa = PBXGroup;
			children = (
				4CA01A0620A44C8100642221 /* SystemConfiguration.framework */,
				4CA01A0420A44C7500642221 /* CoreGraphics.framework */,
				4CA01A0220A44C6900642221 /* Security.framework */,
				4CA01A0020A44C5A00642221 /* libc++.tbd */,
				4CA019FE20A440DE00642221 /* AVFoundation.framework */,
				4CA019FC20A4409200642221 /* libz.tbd */,
				4CA019FA20A4406700642221 /* Foundation.framework */,
				4CA019F820A4405D00642221 /* UIKit.framework */,
				4CA019F620A4405000642221 /* MobileCoreServices.framework */,
				4CA019F420A4404400642221 /* CFNetwork.framework */,
				80AE5F750D925EE0F27CFF18 /* libPods-CreateComponentDemo.a */,
			);
			name = Frameworks;
			sourceTree = "<group>";
		};
/* End PBXGroup section */

/* Begin PBXNativeTarget section */
		4CA0197B20A3E72E00642221 /* CreateComponentDemo */ = {
			isa = PBXNativeTarget;
			buildConfigurationList = 4CA0199220A3E72F00642221 /* Build configuration list for PBXNativeTarget "CreateComponentDemo" */;
			buildPhases = (
				DDFE516554080E64535DCED9 /* [CP] Check Pods Manifest.lock */,
				4CA0197820A3E72E00642221 /* Sources */,
				4CA0197920A3E72E00642221 /* Frameworks */,
				4CA0197A20A3E72E00642221 /* Resources */,
				9782D8FFD241AAE49847DDD9 /* [CP] Copy Pods Resources */,
			);
			buildRules = (
			);
			dependencies = (
			);
			name = CreateComponentDemo;
			productName = CreateComponentDemo;
			productReference = 4CA0197C20A3E72E00642221 /* CreateComponentDemo.app */;
			productType = "com.apple.product-type.application";
		};
/* End PBXNativeTarget section */

/* Begin PBXProject section */
		4CA0197420A3E72E00642221 /* Project object */ = {
			isa = PBXProject;
			attributes = {
				CLASSPREFIX = MP;
				LastUpgradeCheck = 0930;
				ORGANIZATIONNAME = Barry;
				TargetAttributes = {
					4CA0197B20A3E72E00642221 = {
						CreatedOnToolsVersion = 9.3;
					};
				};
			};
			buildConfigurationList = 4CA0197720A3E72E00642221 /* Build configuration list for PBXProject "CreateComponentDemo" */;
			compatibilityVersion = "Xcode 9.3";
			developmentRegion = en;
			hasScannedForEncodings = 0;
			knownRegions = (
				en,
				Base,
			);
			mainGroup = 4CA0197320A3E72E00642221;
			productRefGroup = 4CA0197D20A3E72E00642221 /* Products */;
			projectDirPath = "";
			projectRoot = "";
			targets = (
				4CA0197B20A3E72E00642221 /* CreateComponentDemo */,
			);
		};
/* End PBXProject section */

/* Begin PBXResourcesBuildPhase section */
		4CA0197A20A3E72E00642221 /* Resources */ = {
			isa = PBXResourcesBuildPhase;
			buildActionMask = 2147483647;
			files = (
				4CA01A1320A4588500642221 /* MPStartViewController.xib in Resources */,
				4CA0198C20A3E72F00642221 /* LaunchScreen.storyboard in Resources */,
				4CA0198920A3E72F00642221 /* Assets.xcassets in Resources */,
			);
			runOnlyForDeploymentPostprocessing = 0;
		};
/* End PBXResourcesBuildPhase section */

/* Begin PBXShellScriptBuildPhase section */
		9782D8FFD241AAE49847DDD9 /* [CP] Copy Pods Resources */ = {
			isa = PBXShellScriptBuildPhase;
			buildActionMask = 2147483647;
			files = (
			);
			inputPaths = (
				"${SRCROOT}/Pods/Target Support Files/Pods-CreateComponentDemo/Pods-CreateComponentDemo-resources.sh",
				"${PODS_ROOT}/MJRefresh/MJRefresh/MJRefresh.bundle",
				"${PODS_ROOT}/SVProgressHUD/SVProgressHUD/SVProgressHUD.bundle",
			);
			name = "[CP] Copy Pods Resources";
			outputPaths = (
				"${TARGET_BUILD_DIR}/${UNLOCALIZED_RESOURCES_FOLDER_PATH}/MJRefresh.bundle",
				"${TARGET_BUILD_DIR}/${UNLOCALIZED_RESOURCES_FOLDER_PATH}/SVProgressHUD.bundle",
			);
			runOnlyForDeploymentPostprocessing = 0;
			shellPath = /bin/sh;
			shellScript = "\"${SRCROOT}/Pods/Target Support Files/Pods-CreateComponentDemo/Pods-CreateComponentDemo-resources.sh\"\n";
			showEnvVarsInLog = 0;
		};
		DDFE516554080E64535DCED9 /* [CP] Check Pods Manifest.lock */ = {
			isa = PBXShellScriptBuildPhase;
			buildActionMask = 2147483647;
			files = (
			);
			inputPaths = (
				"${PODS_PODFILE_DIR_PATH}/Podfile.lock",
				"${PODS_ROOT}/Manifest.lock",
			);
			name = "[CP] Check Pods Manifest.lock";
			outputPaths = (
				"$(DERIVED_FILE_DIR)/Pods-CreateComponentDemo-checkManifestLockResult.txt",
			);
			runOnlyForDeploymentPostprocessing = 0;
			shellPath = /bin/sh;
			shellScript = "diff \"${PODS_PODFILE_DIR_PATH}/Podfile.lock\" \"${PODS_ROOT}/Manifest.lock\" > /dev/null\nif [ $? != 0 ] ; then\n    # print error to STDERR\n    echo \"error: The sandbox is not in sync with the Podfile.lock. Run 'pod install' or update your CocoaPods installation.\" >&2\n    exit 1\nfi\n# This output is used by Xcode 'outputs' to avoid re-running this script phase.\necho \"SUCCESS\" > \"${SCRIPT_OUTPUT_FILE_0}\"\n";
			showEnvVarsInLog = 0;
		};
/* End PBXShellScriptBuildPhase section */

/* Begin PBXSourcesBuildPhase section */
		4CA0197820A3E72E00642221 /* Sources */ = {
			isa = PBXSourcesBuildPhase;
			buildActionMask = 2147483647;
			files = (
				4CA01A6920A45A9B00642221 /* CNChainRequest.m in Sources */,
				4CA01A6620A45A9B00642221 /* CNChainRequestAgent.m in Sources */,
				4CA01A1220A4588500642221 /* MPStartViewController.m in Sources */,
				4CA01A6A20A45A9B00642221 /* CNNetworkPrivate.m in Sources */,
				4CA019EF20A4395800642221 /* MPBaseService.m in Sources */,
				4CA01A6720A45A9B00642221 /* CNBaseRequest.m in Sources */,
				4CA01A6420A45A9B00642221 /* CNBatchRequest.m in Sources */,
				4CA0198F20A3E72F00642221 /* main.m in Sources */,
				4CA019F320A43D1700642221 /* MPHelpService.m in Sources */,
				4CA01A6B20A45A9B00642221 /* CNNetworkConfig.m in Sources */,
				4CA01A6520A45A9B00642221 /* CNNetworkAgent.m in Sources */,
				4CA01A6820A45A9B00642221 /* CNBatchRequestAgent.m in Sources */,
				4CA01A6320A45A9B00642221 /* CNRequest.m in Sources */,
				4CA0198120A3E72E00642221 /* AppDelegate.m in Sources */,
			);
			runOnlyForDeploymentPostprocessing = 0;
		};
/* End PBXSourcesBuildPhase section */

/* Begin PBXVariantGroup section */
		4CA0198A20A3E72F00642221 /* LaunchScreen.storyboard */ = {
			isa = PBXVariantGroup;
			children = (
				4CA0198B20A3E72F00642221 /* Base */,
			);
			name = LaunchScreen.storyboard;
			sourceTree = "<group>";
		};
/* End PBXVariantGroup section */

/* Begin XCBuildConfiguration section */
		4CA0199020A3E72F00642221 /* Debug */ = {
			isa = XCBuildConfiguration;
			buildSettings = {
				ALWAYS_SEARCH_USER_PATHS = NO;
				CLANG_ANALYZER_NONNULL = YES;
				CLANG_ANALYZER_NUMBER_OBJECT_CONVERSION = YES_AGGRESSIVE;
				CLANG_CXX_LANGUAGE_STANDARD = "gnu++14";
				CLANG_CXX_LIBRARY = "libc++";
				CLANG_ENABLE_MODULES = YES;
				CLANG_ENABLE_OBJC_ARC = YES;
				CLANG_ENABLE_OBJC_WEAK = YES;
				CLANG_WARN_BLOCK_CAPTURE_AUTORELEASING = YES;
				CLANG_WARN_BOOL_CONVERSION = YES;
				CLANG_WARN_COMMA = YES;
				CLANG_WARN_CONSTANT_CONVERSION = YES;
				CLANG_WARN_DEPRECATED_OBJC_IMPLEMENTATIONS = YES;
				CLANG_WARN_DIRECT_OBJC_ISA_USAGE = YES_ERROR;
				CLANG_WARN_DOCUMENTATION_COMMENTS = YES;
				CLANG_WARN_EMPTY_BODY = YES;
				CLANG_WARN_ENUM_CONVERSION = YES;
				CLANG_WARN_INFINITE_RECURSION = YES;
				CLANG_WARN_INT_CONVERSION = YES;
				CLANG_WARN_NON_LITERAL_NULL_CONVERSION = YES;
				CLANG_WARN_OBJC_IMPLICIT_RETAIN_SELF = YES;
				CLANG_WARN_OBJC_LITERAL_CONVERSION = YES;
				CLANG_WARN_OBJC_ROOT_CLASS = YES_ERROR;
				CLANG_WARN_RANGE_LOOP_ANALYSIS = YES;
				CLANG_WARN_STRICT_PROTOTYPES = YES;
				CLANG_WARN_SUSPICIOUS_MOVE = YES;
				CLANG_WARN_UNGUARDED_AVAILABILITY = YES_AGGRESSIVE;
				CLANG_WARN_UNREACHABLE_CODE = YES;
				CLANG_WARN__DUPLICATE_METHOD_MATCH = YES;
				CODE_SIGN_IDENTITY = "iPhone Developer";
				COPY_PHASE_STRIP = NO;
				DEBUG_INFORMATION_FORMAT = dwarf;
				ENABLE_STRICT_OBJC_MSGSEND = YES;
				ENABLE_TESTABILITY = YES;
				GCC_C_LANGUAGE_STANDARD = gnu11;
				GCC_DYNAMIC_NO_PIC = NO;
				GCC_NO_COMMON_BLOCKS = YES;
				GCC_OPTIMIZATION_LEVEL = 0;
				GCC_PREPROCESSOR_DEFINITIONS = (
					"DEBUG=1",
					"$(inherited)",
				);
				GCC_WARN_64_TO_32_BIT_CONVERSION = YES;
				GCC_WARN_ABOUT_RETURN_TYPE = YES_ERROR;
				GCC_WARN_UNDECLARED_SELECTOR = YES;
				GCC_WARN_UNINITIALIZED_AUTOS = YES_AGGRESSIVE;
				GCC_WARN_UNUSED_FUNCTION = YES;
				GCC_WARN_UNUSED_VARIABLE = YES;
				IPHONEOS_DEPLOYMENT_TARGET = 11.3;
				MTL_ENABLE_DEBUG_INFO = YES;
				ONLY_ACTIVE_ARCH = YES;
				SDKROOT = iphoneos;
			};
			name = Debug;
		};
		4CA0199120A3E72F00642221 /* Release */ = {
			isa = XCBuildConfiguration;
			buildSettings = {
				ALWAYS_SEARCH_USER_PATHS = NO;
				CLANG_ANALYZER_NONNULL = YES;
				CLANG_ANALYZER_NUMBER_OBJECT_CONVERSION = YES_AGGRESSIVE;
				CLANG_CXX_LANGUAGE_STANDARD = "gnu++14";
				CLANG_CXX_LIBRARY = "libc++";
				CLANG_ENABLE_MODULES = YES;
				CLANG_ENABLE_OBJC_ARC = YES;
				CLANG_ENABLE_OBJC_WEAK = YES;
				CLANG_WARN_BLOCK_CAPTURE_AUTORELEASING = YES;
				CLANG_WARN_BOOL_CONVERSION = YES;
				CLANG_WARN_COMMA = YES;
				CLANG_WARN_CONSTANT_CONVERSION = YES;
				CLANG_WARN_DEPRECATED_OBJC_IMPLEMENTATIONS = YES;
				CLANG_WARN_DIRECT_OBJC_ISA_USAGE = YES_ERROR;
				CLANG_WARN_DOCUMENTATION_COMMENTS = YES;
				CLANG_WARN_EMPTY_BODY = YES;
				CLANG_WARN_ENUM_CONVERSION = YES;
				CLANG_WARN_INFINITE_RECURSION = YES;
				CLANG_WARN_INT_CONVERSION = YES;
				CLANG_WARN_NON_LITERAL_NULL_CONVERSION = YES;
				CLANG_WARN_OBJC_IMPLICIT_RETAIN_SELF = YES;
				CLANG_WARN_OBJC_LITERAL_CONVERSION = YES;
				CLANG_WARN_OBJC_ROOT_CLASS = YES_ERROR;
				CLANG_WARN_RANGE_LOOP_ANALYSIS = YES;
				CLANG_WARN_STRICT_PROTOTYPES = YES;
				CLANG_WARN_SUSPICIOUS_MOVE = YES;
				CLANG_WARN_UNGUARDED_AVAILABILITY = YES_AGGRESSIVE;
				CLANG_WARN_UNREACHABLE_CODE = YES;
				CLANG_WARN__DUPLICATE_METHOD_MATCH = YES;
				CODE_SIGN_IDENTITY = "iPhone Developer";
				COPY_PHASE_STRIP = NO;
				DEBUG_INFORMATION_FORMAT = "dwarf-with-dsym";
				ENABLE_NS_ASSERTIONS = NO;
				ENABLE_STRICT_OBJC_MSGSEND = YES;
				GCC_C_LANGUAGE_STANDARD = gnu11;
				GCC_NO_COMMON_BLOCKS = YES;
				GCC_WARN_64_TO_32_BIT_CONVERSION = YES;
				GCC_WARN_ABOUT_RETURN_TYPE = YES_ERROR;
				GCC_WARN_UNDECLARED_SELECTOR = YES;
				GCC_WARN_UNINITIALIZED_AUTOS = YES_AGGRESSIVE;
				GCC_WARN_UNUSED_FUNCTION = YES;
				GCC_WARN_UNUSED_VARIABLE = YES;
				IPHONEOS_DEPLOYMENT_TARGET = 11.3;
				MTL_ENABLE_DEBUG_INFO = NO;
				SDKROOT = iphoneos;
				VALIDATE_PRODUCT = YES;
			};
			name = Release;
		};
		4CA0199320A3E72F00642221 /* Debug */ = {
			isa = XCBuildConfiguration;
			baseConfigurationReference = 89543BE09B0D889B87A578AA /* Pods-CreateComponentDemo.debug.xcconfig */;
			buildSettings = {
				ASSETCATALOG_COMPILER_APPICON_NAME = AppIcon;
				CODE_SIGN_STYLE = Automatic;
				DEVELOPMENT_TEAM = Q2WQJ3N243;
				INFOPLIST_FILE = CreateComponentDemo/Info.plist;
				IPHONEOS_DEPLOYMENT_TARGET = 8.0;
				LD_RUNPATH_SEARCH_PATHS = "$(inherited) @executable_path/Frameworks";
				PRODUCT_BUNDLE_IDENTIFIER = net.izhixin.CreateComponentDemo;
				PRODUCT_NAME = "$(TARGET_NAME)";
				TARGETED_DEVICE_FAMILY = 1;
			};
			name = Debug;
		};
		4CA0199420A3E72F00642221 /* Release */ = {
			isa = XCBuildConfiguration;
			baseConfigurationReference = 16A8A1B0DFFB42BBD66A7E87 /* Pods-CreateComponentDemo.release.xcconfig */;
			buildSettings = {
				ASSETCATALOG_COMPILER_APPICON_NAME = AppIcon;
				CODE_SIGN_STYLE = Automatic;
				DEVELOPMENT_TEAM = Q2WQJ3N243;
				INFOPLIST_FILE = CreateComponentDemo/Info.plist;
				IPHONEOS_DEPLOYMENT_TARGET = 8.0;
				LD_RUNPATH_SEARCH_PATHS = "$(inherited) @executable_path/Frameworks";
				PRODUCT_BUNDLE_IDENTIFIER = net.izhixin.CreateComponentDemo;
				PRODUCT_NAME = "$(TARGET_NAME)";
				TARGETED_DEVICE_FAMILY = 1;
			};
			name = Release;
		};
/* End XCBuildConfiguration section */

/* Begin XCConfigurationList section */
		4CA0197720A3E72E00642221 /* Build configuration list for PBXProject "CreateComponentDemo" */ = {
			isa = XCConfigurationList;
			buildConfigurations = (
				4CA0199020A3E72F00642221 /* Debug */,
				4CA0199120A3E72F00642221 /* Release */,
			);
			defaultConfigurationIsVisible = 0;
			defaultConfigurationName = Release;
		};
		4CA0199220A3E72F00642221 /* Build configuration list for PBXNativeTarget "CreateComponentDemo" */ = {
			isa = XCConfigurationList;
			buildConfigurations = (
				4CA0199320A3E72F00642221 /* Debug */,
				4CA0199420A3E72F00642221 /* Release */,
			);
			defaultConfigurationIsVisible = 0;
			defaultConfigurationName = Release;
		};
/* End XCConfigurationList section */
	};
	rootObject = 4CA0197420A3E72E00642221 /* Project object */;
}
